
Microsoft Visual Studio Solution File, Format Version 12.00
# Visual Studio Version 16
VisualStudioVersion = 16.0.30503.244
MinimumVisualStudioVersion = 10.0.40219.1
Project("{FAE04EC0-301F-11D3-BF4B-00C04F79EFBC}") = "UDA_Status_PROJECT", "UDA_Status_PROJECT\UDA_Status_PROJECT.csproj", "{71976D7A-D732-4738-A9F4-185B43ABBB58}"
EndProject
Global
	GlobalSection(SolutionConfigurationPlatforms) = preSolution
		Debug|Any CPU = Debug|Any CPU
		Release|Any CPU = Release|Any CPU
	EndGlobalSection
	GlobalSection(ProjectConfigurationPlatforms) = postSolution
		{71976D7A-D732-4738-A9F4-185B43ABBB58}.Debug|Any CPU.ActiveCfg = Debug|Any CPU
		{71976D7A-D732-4738-A9F4-185B43ABBB58}.Debug|Any CPU.Build.0 = Debug|Any CPU
		{71976D7A-D732-4738-A9F4-185B43ABBB58}.Release|Any CPU.ActiveCfg = Release|Any CPU
		{71976D7A-D732-4738-A9F4-185B43ABBB58}.Release|Any CPU.Build.0 = Release|Any CPU
	EndGlobalSection
	GlobalSection(SolutionProperties) = preSolution
		HideSolutionNode = FALSE
	EndGlobalSection
	GlobalSection(ExtensibilityGlobals) = postSolution
		SolutionGuid = {D6CEEC44-D211-4C4F-A85B-09419F395130}
	EndGlobalSection
EndGlobal
